// !$*UTF8*$!
{
	archiveVersion = 1;
	classes = {
	};
	objectVersion = 50;
	objects = {

/* Begin PBXBuildFile section */
		D42E24F025F62AA100FDA801 /* SupHealthApp.swift in Sources */ = {isa = PBXBuildFile; fileRef = D42E24EF25F62AA100FDA801 /* SupHealthApp.swift */; };
		D42E24F225F62AA100FDA801 /* CountryList.swift in Sources */ = {isa = PBXBuildFile; fileRef = D42E24F125F62AA100FDA801 /* CountryList.swift */; };
		D42E24F425F62AA500FDA801 /* Assets.xcassets in Resources */ = {isa = PBXBuildFile; fileRef = D42E24F325F62AA500FDA801 /* Assets.xcassets */; };
		D42E24F725F62AA500FDA801 /* Preview Assets.xcassets in Resources */ = {isa = PBXBuildFile; fileRef = D42E24F625F62AA500FDA801 /* Preview Assets.xcassets */; };
		D42E250025F62B8200FDA801 /* Country.swift in Sources */ = {isa = PBXBuildFile; fileRef = D42E24FF25F62B8200FDA801 /* Country.swift */; };
		D42E250325F62EAF00FDA801 /* Covid19Api.swift in Sources */ = {isa = PBXBuildFile; fileRef = D42E250225F62EAF00FDA801 /* Covid19Api.swift */; };
/* End PBXBuildFile section */

/* Begin PBXFileReference section */
		D42E24EC25F62AA100FDA801 /* SupHealth.app */ = {isa = PBXFileReference; explicitFileType = wrapper.application; includeInIndex = 0; path = SupHealth.app; sourceTree = BUILT_PRODUCTS_DIR; };
		D42E24EF25F62AA100FDA801 /* SupHealthApp.swift */ = {isa = PBXFileReference; lastKnownFileType = sourcecode.swift; path = SupHealthApp.swift; sourceTree = "<group>"; };
		D42E24F125F62AA100FDA801 /* CountryList.swift */ = {isa = PBXFileReference; lastKnownFileType = sourcecode.swift; path = CountryList.swift; sourceTree = "<group>"; };
		D42E24F325F62AA500FDA801 /* Assets.xcassets */ = {isa = PBXFileReference; lastKnownFileType = folder.assetcatalog; path = Assets.xcassets; sourceTree = "<group>"; };
		D42E24F625F62AA500FDA801 /* Preview Assets.xcassets */ = {isa = PBXFileReference; lastKnownFileType = folder.assetcatalog; path = "Preview Assets.xcassets"; sourceTree = "<group>"; };
		D42E24F825F62AA500FDA801 /* Info.plist */ = {isa = PBXFileReference; lastKnownFileType = text.plist.xml; path = Info.plist; sourceTree = "<group>"; };
		D42E24FF25F62B8200FDA801 /* Country.swift */ = {isa = PBXFileReference; lastKnownFileType = sourcecode.swift; path = Country.swift; sourceTree = "<group>"; };
		D42E250225F62EAF00FDA801 /* Covid19Api.swift */ = {isa = PBXFileReference; lastKnownFileType = sourcecode.swift; path = Covid19Api.swift; sourceTree = "<group>"; };
/* End PBXFileReference section */

/* Begin PBXFrameworksBuildPhase section */
		D42E24E925F62AA100FDA801 /* Frameworks */ = {
			isa = PBXFrameworksBuildPhase;
			buildActionMask = 2147483647;
			files = (
			);
			runOnlyForDeploymentPostprocessing = 0;
		};
/* End PBXFrameworksBuildPhase section */

/* Begin PBXGroup section */
		D42E24E325F62AA100FDA801 = {
			isa = PBXGroup;
			children = (
				D42E24EE25F62AA100FDA801 /* SupHealth */,
				D42E24ED25F62AA100FDA801 /* Products */,
			);
			sourceTree = "<group>";
		};
		D42E24ED25F62AA100FDA801 /* Products */ = {
			isa = PBXGroup;
			children = (
				D42E24EC25F62AA100FDA801 /* SupHealth.app */,
			);
			name = Products;
			sourceTree = "<group>";
		};
		D42E24EE25F62AA100FDA801 /* SupHealth */ = {
			isa = PBXGroup;
			children = (
				D42E24EF25F62AA100FDA801 /* SupHealthApp.swift */,
				D42E24F125F62AA100FDA801 /* CountryList.swift */,
				D42E24FF25F62B8200FDA801 /* Country.swift */,
				D42E24F325F62AA500FDA801 /* Assets.xcassets */,
				D42E24F825F62AA500FDA801 /* Info.plist */,
				D42E24F525F62AA500FDA801 /* Preview Content */,
				D42E250225F62EAF00FDA801 /* Covid19Api.swift */,
			);
			path = SupHealth;
			sourceTree = "<group>";
		};
		D42E24F525F62AA500FDA801 /* Preview Content */ = {
			isa = PBXGroup;
			children = (
				D42E24F625F62AA500FDA801 /* Preview Assets.xcassets */,
			);
			path = "Preview Content";
			sourceTree = "<group>";
		};
/* End PBXGroup section */

/* Begin PBXNativeTarget section */
		D42E24EB25F62AA100FDA801 /* SupHealth */ = {
			isa = PBXNativeTarget;
			buildConfigurationList = D42E24FB25F62AA500FDA801 /* Build configuration list for PBXNativeTarget "SupHealth" */;
			buildPhases = (
				D42E24E825F62AA100FDA801 /* Sources */,
				D42E24E925F62AA100FDA801 /* Frameworks */,
				D42E24EA25F62AA100FDA801 /* Resources */,
			);
			buildRules = (
			);
			dependencies = (
			);
			name = SupHealth;
			productName = SupHealth;
			productReference = D42E24EC25F62AA100FDA801 /* SupHealth.app */;
			productType = "com.apple.product-type.application";
		};
/* End PBXNativeTarget section */

/* Begin PBXProject section */
		D42E24E425F62AA100FDA801 /* Project object */ = {
			isa = PBXProject;
			attributes = {
				LastSwiftUpdateCheck = 1240;
				LastUpgradeCheck = 1240;
				TargetAttributes = {
					D42E24EB25F62AA100FDA801 = {
						CreatedOnToolsVersion = 12.4;
					};
				};
			};
			buildConfigurationList = D42E24E725F62AA100FDA801 /* Build configuration list for PBXProject "SupHealth" */;
			compatibilityVersion = "Xcode 9.3";
			developmentRegion = en;
			hasScannedForEncodings = 0;
			knownRegions = (
				en,
				Base,
			);
			mainGroup = D42E24E325F62AA100FDA801;
			productRefGroup = D42E24ED25F62AA100FDA801 /* Products */;
			projectDirPath = "";
			projectRoot = "";
			targets = (
				D42E24EB25F62AA100FDA801 /* SupHealth */,
			);
		};
/* End PBXProject section */

/* Begin PBXResourcesBuildPhase section */
		D42E24EA25F62AA100FDA801 /* Resources */ = {
			isa = PBXResourcesBuildPhase;
			buildActionMask = 2147483647;
			files = (
				D42E24F725F62AA500FDA801 /* Preview Assets.xcassets in Resources */,
				D42E24F425F62AA500FDA801 /* Assets.xcassets in Resources */,
			);
			runOnlyForDeploymentPostprocessing = 0;
		};
/* End PBXResourcesBuildPhase section */

/* Begin PBXSourcesBuildPhase section */
		D42E24E825F62AA100FDA801 /* Sources */ = {
			isa = PBXSourcesBuildPhase;
			buildActionMask = 2147483647;
			files = (
				D42E250325F62EAF00FDA801 /* Covid19Api.swift in Sources */,
				D42E24F225F62AA100FDA801 /* CountryList.swift in Sources */,
				D42E250025F62B8200FDA801 /* Country.swift in Sources */,
				D42E24F025F62AA100FDA801 /* SupHealthApp.swift in Sources */,
			);
			runOnlyForDeploymentPostprocessing = 0;
		};
/* End PBXSourcesBuildPhase section */

/* Begin XCBuildConfiguration section */
		D42E24F925F62AA500FDA801 /* Debug */ = {
			isa = XCBuildConfiguration;
			buildSettings = {
				ALWAYS_SEARCH_USER_PATHS = NO;
				CLANG_ANALYZER_NONNULL = YES;
				CLANG_ANALYZER_NUMBER_OBJECT_CONVERSION = YES_AGGRESSIVE;
				CLANG_CXX_LANGUAGE_STANDARD = "gnu++14";
				CLANG_CXX_LIBRARY = "libc++";
				CLANG_ENABLE_MODULES = YES;
				CLANG_ENABLE_OBJC_ARC = YES;
				CLANG_ENABLE_OBJC_WEAK = YES;
				CLANG_WARN_BLOCK_CAPTURE_AUTORELEASING = YES;
				CLANG_WARN_BOOL_CONVERSION = YES;
				CLANG_WARN_COMMA = YES;
				CLANG_WARN_CONSTANT_CONVERSION = YES;
				CLANG_WARN_DEPRECATED_OBJC_IMPLEMENTATIONS = YES;
				CLANG_WARN_DIRECT_OBJC_ISA_USAGE = YES_ERROR;
				CLANG_WARN_DOCUMENTATION_COMMENTS = YES;
				CLANG_WARN_EMPTY_BODY = YES;
				CLANG_WARN_ENUM_CONVERSION = YES;
				CLANG_WARN_INFINITE_RECURSION = YES;
				CLANG_WARN_INT_CONVERSION = YES;
				CLANG_WARN_NON_LITERAL_NULL_CONVERSION = YES;
				CLANG_WARN_OBJC_IMPLICIT_RETAIN_SELF = YES;
				CLANG_WARN_OBJC_LITERAL_CONVERSION = YES;
				CLANG_WARN_OBJC_ROOT_CLASS = YES_ERROR;
				CLANG_WARN_QUOTED_INCLUDE_IN_FRAMEWORK_HEADER = YES;
				CLANG_WARN_RANGE_LOOP_ANALYSIS = YES;
				CLANG_WARN_STRICT_PROTOTYPES = YES;
				CLANG_WARN_SUSPICIOUS_MOVE = YES;
				CLANG_WARN_UNGUARDED_AVAILABILITY = YES_AGGRESSIVE;
				CLANG_WARN_UNREACHABLE_CODE = YES;
				CLANG_WARN__DUPLICATE_METHOD_MATCH = YES;
				COPY_PHASE_STRIP = NO;
				DEBUG_INFORMATION_FORMAT = dwarf;
				ENABLE_STRICT_OBJC_MSGSEND = YES;
				ENABLE_TESTABILITY = YES;
				GCC_C_LANGUAGE_STANDARD = gnu11;
				GCC_DYNAMIC_NO_PIC = NO;
				GCC_NO_COMMON_BLOCKS = YES;
				GCC_OPTIMIZATION_LEVEL = 0;
				GCC_PREPROCESSOR_DEFINITIONS = (
					"DEBUG=1",
					"$(inherited)",
				);
				GCC_WARN_64_TO_32_BIT_CONVERSION = YES;
				GCC_WARN_ABOUT_RETURN_TYPE = YES_ERROR;
				GCC_WARN_UNDECLARED_SELECTOR = YES;
				GCC_WARN_UNINITIALIZED_AUTOS = YES_AGGRESSIVE;
				GCC_WARN_UNUSED_FUNCTION = YES;
				GCC_WARN_UNUSED_VARIABLE = YES;
				IPHONEOS_DEPLOYMENT_TARGET = 14.4;
				MTL_ENABLE_DEBUG_INFO = INCLUDE_SOURCE;
				MTL_FAST_MATH = YES;
				ONLY_ACTIVE_ARCH = YES;
				SDKROOT = iphoneos;
				SWIFT_ACTIVE_COMPILATION_CONDITIONS = DEBUG;
				SWIFT_OPTIMIZATION_LEVEL = "-Onone";
			};
			name = Debug;
		};
		D42E24FA25F62AA500FDA801 /* Release */ = {
			isa = XCBuildConfiguration;
			buildSettings = {
				ALWAYS_SEARCH_USER_PATHS = NO;
				CLANG_ANALYZER_NONNULL = YES;
				CLANG_ANALYZER_NUMBER_OBJECT_CONVERSION = YES_AGGRESSIVE;
				CLANG_CXX_LANGUAGE_STANDARD = "gnu++14";
				CLANG_CXX_LIBRARY = "libc++";
				CLANG_ENABLE_MODULES = YES;
				CLANG_ENABLE_OBJC_ARC = YES;
				CLANG_ENABLE_OBJC_WEAK = YES;
				CLANG_WARN_BLOCK_CAPTURE_AUTORELEASING = YES;
				CLANG_WARN_BOOL_CONVERSION = YES;
				CLANG_WARN_COMMA = YES;
				CLANG_WARN_CONSTANT_CONVERSION = YES;
				CLANG_WARN_DEPRECATED_OBJC_IMPLEMENTATIONS = YES;
				CLANG_WARN_DIRECT_OBJC_ISA_USAGE = YES_ERROR;
				CLANG_WARN_DOCUMENTATION_COMMENTS = YES;
				CLANG_WARN_EMPTY_BODY = YES;
				CLANG_WARN_ENUM_CONVERSION = YES;
				CLANG_WARN_INFINITE_RECURSION = YES;
				CLANG_WARN_INT_CONVERSION = YES;
				CLANG_WARN_NON_LITERAL_NULL_CONVERSION = YES;
				CLANG_WARN_OBJC_IMPLICIT_RETAIN_SELF = YES;
				CLANG_WARN_OBJC_LITERAL_CONVERSION = YES;
				CLANG_WARN_OBJC_ROOT_CLASS = YES_ERROR;
				CLANG_WARN_QUOTED_INCLUDE_IN_FRAMEWORK_HEADER = YES;
				CLANG_WARN_RANGE_LOOP_ANALYSIS = YES;
				CLANG_WARN_STRICT_PROTOTYPES = YES;
				CLANG_WARN_SUSPICIOUS_MOVE = YES;
				CLANG_WARN_UNGUARDED_AVAILABILITY = YES_AGGRESSIVE;
				CLANG_WARN_UNREACHABLE_CODE = YES;
				CLANG_WARN__DUPLICATE_METHOD_MATCH = YES;
				COPY_PHASE_STRIP = NO;
				DEBUG_INFORMATION_FORMAT = "dwarf-with-dsym";
				ENABLE_NS_ASSERTIONS = NO;
				ENABLE_STRICT_OBJC_MSGSEND = YES;
				GCC_C_LANGUAGE_STANDARD = gnu11;
				GCC_NO_COMMON_BLOCKS = YES;
				GCC_WARN_64_TO_32_BIT_CONVERSION = YES;
				GCC_WARN_ABOUT_RETURN_TYPE = YES_ERROR;
				GCC_WARN_UNDECLARED_SELECTOR = YES;
				GCC_WARN_UNINITIALIZED_AUTOS = YES_AGGRESSIVE;
				GCC_WARN_UNUSED_FUNCTION = YES;
				GCC_WARN_UNUSED_VARIABLE = YES;
				IPHONEOS_DEPLOYMENT_TARGET = 14.4;
				MTL_ENABLE_DEBUG_INFO = NO;
				MTL_FAST_MATH = YES;
				SDKROOT = iphoneos;
				SWIFT_COMPILATION_MODE = wholemodule;
				SWIFT_OPTIMIZATION_LEVEL = "-O";
				VALIDATE_PRODUCT = YES;
			};
			name = Release;
		};
		D42E24FC25F62AA500FDA801 /* Debug */ = {
			isa = XCBuildConfiguration;
			buildSettings = {
				ASSETCATALOG_COMPILER_APPICON_NAME = AppIcon;
				ASSETCATALOG_COMPILER_GLOBAL_ACCENT_COLOR_NAME = AccentColor;
				CODE_SIGN_STYLE = Automatic;
				DEVELOPMENT_ASSET_PATHS = "\"SupHealth/Preview Content\"";
				ENABLE_PREVIEWS = YES;
				INFOPLIST_FILE = SupHealth/Info.plist;
				IPHONEOS_DEPLOYMENT_TARGET = 14.0;
				LD_RUNPATH_SEARCH_PATHS = (
					"$(inherited)",
					"@executable_path/Frameworks",
				);
				PRODUCT_BUNDLE_IDENTIFIER = ghulloux.SupHealth;
				PRODUCT_NAME = "$(TARGET_NAME)";
				SWIFT_VERSION = 5.0;
				TARGETED_DEVICE_FAMILY = "1,2";
			};
			name = Debug;
		};
		D42E24FD25F62AA500FDA801 /* Release */ = {
			isa = XCBuildConfiguration;
			buildSettings = {
				ASSETCATALOG_COMPILER_APPICON_NAME = AppIcon;
				ASSETCATALOG_COMPILER_GLOBAL_ACCENT_COLOR_NAME = AccentColor;
				CODE_SIGN_STYLE = Automatic;
				DEVELOPMENT_ASSET_PATHS = "\"SupHealth/Preview Content\"";
				ENABLE_PREVIEWS = YES;
				INFOPLIST_FILE = SupHealth/Info.plist;
				IPHONEOS_DEPLOYMENT_TARGET = 14.0;
				LD_RUNPATH_SEARCH_PATHS = (
					"$(inherited)",
					"@executable_path/Frameworks",
				);
				PRODUCT_BUNDLE_IDENTIFIER = ghulloux.SupHealth;
				PRODUCT_NAME = "$(TARGET_NAME)";
				SWIFT_VERSION = 5.0;
				TARGETED_DEVICE_FAMILY = "1,2";
			};
			name = Release;
		};
/* End XCBuildConfiguration section */

/* Begin XCConfigurationList section */
		D42E24E725F62AA100FDA801 /* Build configuration list for PBXProject "SupHealth" */ = {
			isa = XCConfigurationList;
			buildConfigurations = (
				D42E24F925F62AA500FDA801 /* Debug */,
				D42E24FA25F62AA500FDA801 /* Release */,
			);
			defaultConfigurationIsVisible = 0;
			defaultConfigurationName = Release;
		};
		D42E24FB25F62AA500FDA801 /* Build configuration list for PBXNativeTarget "SupHealth" */ = {
			isa = XCConfigurationList;
			buildConfigurations = (
				D42E24FC25F62AA500FDA801 /* Debug */,
				D42E24FD25F62AA500FDA801 /* Release */,
			);
			defaultConfigurationIsVisible = 0;
			defaultConfigurationName = Release;
		};
/* End XCConfigurationList section */
	};
	rootObject = D42E24E425F62AA100FDA801 /* Project object */;
}
